Microsoft Visual Studio Solution File, Format Version 12.00
# Visual Studio Version 17
VisualStudioVersion = 17.5.2.0
MinimumVisualStudioVersion = 10.0.40219.1
Project("{FAE04EC0-301F-11D3-BF4B-00C04F79EFBC}") = "Lab1P2", "Lab1P2\Lab1P2.csproj", "{20B2B1F8-23F2-9E4C-2B01-97E9065464CF}"
EndProject
Global
	GlobalSection(SolutionConfigurationPlatforms) = preSolution
		Debug|Any CPU = Debug|Any CPU
		Release|Any CPU = Release|Any CPU
	EndGlobalSection
	GlobalSection(ProjectConfigurationPlatforms) = postSolution
		{20B2B1F8-23F2-9E4C-2B01-97E9065464CF}.Debug|Any CPU.ActiveCfg = Debug|Any CPU
		{20B2B1F8-23F2-9E4C-2B01-97E9065464CF}.Debug|Any CPU.Build.0 = Debug|Any CPU
		{20B2B1F8-23F2-9E4C-2B01-97E9065464CF}.Release|Any CPU.ActiveCfg = Release|Any CPU
		{20B2B1F8-23F2-9E4C-2B01-97E9065464CF}.Release|Any CPU.Build.0 = Release|Any CPU
	EndGlobalSection
	GlobalSection(SolutionProperties) = preSolution
		HideSolutionNode = FALSE
	EndGlobalSection
	GlobalSection(ExtensibilityGlobals) = postSolution
		SolutionGuid = {29F0CC90-36E0-4ADE-9501-242CC1C40C6A}
	EndGlobalSection
EndGlobal
